
Microsoft Visual Studio Solution File, Format Version 12.00
# Visual Studio Version 16
VisualStudioVersion = 16.0.29613.14
MinimumVisualStudioVersion = 10.0.40219.1
Project("{F2A71F9B-5D33-465A-A702-920D77279786}") = "FSharpConApp", "FSharpConApp\FSharpConApp.fsproj", "{44F58A37-94CF-46D0-B040-D1592B8CE4C7}"
EndProject
Project("{F2A71F9B-5D33-465A-A702-920D77279786}") = "ClassLibrary", "ClassLibrary\ClassLibrary.fsproj", "{79065130-C4F1-46EA-9110-0E36DB7BA14B}"
EndProject
Global
	GlobalSection(SolutionConfigurationPlatforms) = preSolution
		Debug|Any CPU = Debug|Any CPU
		Release|Any CPU = Release|Any CPU
	EndGlobalSection
	GlobalSection(ProjectConfigurationPlatforms) = postSolution
		{44F58A37-94CF-46D0-B040-D1592B8CE4C7}.Debug|Any CPU.ActiveCfg = Debug|Any CPU
		{44F58A37-94CF-46D0-B040-D1592B8CE4C7}.Debug|Any CPU.Build.0 = Debug|Any CPU
		{44F58A37-94CF-46D0-B040-D1592B8CE4C7}.Release|Any CPU.ActiveCfg = Release|Any CPU
		{44F58A37-94CF-46D0-B040-D1592B8CE4C7}.Release|Any CPU.Build.0 = Release|Any CPU
		{79065130-C4F1-46EA-9110-0E36DB7BA14B}.Debug|Any CPU.ActiveCfg = Debug|Any CPU
		{79065130-C4F1-46EA-9110-0E36DB7BA14B}.Debug|Any CPU.Build.0 = Debug|Any CPU
		{79065130-C4F1-46EA-9110-0E36DB7BA14B}.Release|Any CPU.ActiveCfg = Release|Any CPU
		{79065130-C4F1-46EA-9110-0E36DB7BA14B}.Release|Any CPU.Build.0 = Release|Any CPU
	EndGlobalSection
	GlobalSection(SolutionProperties) = preSolution
		HideSolutionNode = FALSE
	EndGlobalSection
	GlobalSection(ExtensibilityGlobals) = postSolution
		SolutionGuid = {A544942B-6ABF-47C1-A751-82527CC78159}
	EndGlobalSection
EndGlobal
